<?xml version="1.0" encoding="utf-8"?>
<Project ToolsVersion="4.0" xmlns="http://schemas.microsoft.com/developer/msbuild/2003">
  <ItemGroup>
    <ClCompile Include="Core\CollisionBox.cpp" />
    <ClCompile Include="Core\CollisionManager.cpp" />
    <ClCompile Include="NPC\EnemyManager.cpp" />
    <ClCompile Include="main.cpp" />
    <ClCompile Include="PlayerStates\PlayerDeadState.cpp" />
    <ClCompile Include="PlayerStates\Player.cpp" />
    <ClCompile Include="PlayerStates\PlayerAttackState.cpp" />
    <ClCompile Include="PlayerStates\PlayerBaseState.cpp" />
    <ClCompile Include="PlayerStates\PlayerIdleState.cpp" />
    <ClCompile Include="PlayerStates\PlayerMoveState.cpp" />
    <ClCompile Include="Animation-Assets\Animator.cpp" />
    <ClCompile Include="Animation-Assets\ResourceManager.cpp" />
    <ClCompile Include="NPC\Berserker.cpp" />
    <ClCompile Include="NPC\BerserkerDataBase.cpp" />
    <ClCompile Include="Obstacles\Obstacle.cpp" />
    <ClCompile Include="Obstacles\ObstacleManager.cpp" />
  </ItemGroup>
  <ItemGroup>
    <ClInclude Include="Animation-Assets\Animator.h" />
    <ClInclude Include="Animation-Assets\AssetPath.h" />
    <ClInclude Include="Animation-Assets\ResourceManager.h" />
    <ClInclude Include="Animation-Assets\SharedData.h" />
    <ClInclude Include="Core\CollisionBox.h" />
    <ClInclude Include="Core\CollisionManager.h" />
    <ClInclude Include="NPC\EnemyManager.h" />
    <ClInclude Include="NpcStates\GuardState.h" />
    <ClInclude Include="NpcStates\AimState.h" />
    <ClInclude Include="NpcStates\FleeState.h" />
    <ClInclude Include="NPC\Berserker.h" />
    <ClInclude Include="NpcStates\AttackState.h" />
    <ClInclude Include="NpcStates\ChaseState.h" />
    <ClInclude Include="NpcStates\Conditions.h" />
    <ClInclude Include="NpcStates\NpcContext.h" />
    <ClInclude Include="NpcStates\PatrolState.h" />
    <ClInclude Include="NPC\BerserkerData.h" />
    <ClInclude Include="NPC\BerserkerDataBase.h" />
    <ClInclude Include="NPC\SniperData.h" />
    <ClInclude Include="NPC\SniperDataBase.h" />
    <ClInclude Include="NPC\TankData.h" />
    <ClInclude Include="NPC\TankDataBase.h" />
    <ClInclude Include="NPC\Sniper.h" />
    <ClInclude Include="NpcStates\ShootState.h" />
    <ClInclude Include="PlayerStates\PlayerDeadState.h" />
    <ClInclude Include="PlayerStates\Player.h" />
    <ClInclude Include="PlayerStates\PlayerAttackState.h" />
    <ClInclude Include="PlayerStates\PlayerBaseState.h" />
    <ClInclude Include="PlayerStates\PlayerContext.h" />
    <ClInclude Include="PlayerStates\PlayerIdleState.h" />
    <ClInclude Include="PlayerStates\PlayerMoveState.h" />
    <ClInclude Include="StateMachine\State.h" />
    <ClInclude Include="StateMachine\StateMachine.h" />
    <ClInclude Include="NPC\Tank.h" />
    <ClInclude Include="NPC\EnemyProjectile.h" />
    <ClInclude Include="TileMap.h" />
    <ClInclude Include="Obstacles\Obstacle.h" />
    <ClInclude Include="Obstacles\ObstacleManager.h" />
  </ItemGroup>
  <ItemGroup>
    <None Include="StateMachine\State.inl" />
    <None Include="StateMachine\StateMachine.inl" />
  </ItemGroup>
</Project>